
Microsoft Visual Studio Solution File, Format Version 12.00
# Visual Studio Version 16
VisualStudioVersion = 16.0.30907.101
MinimumVisualStudioVersion = 10.0.40219.1
Project("{FAE04EC0-301F-11D3-BF4B-00C04F79EFBC}") = "FileHandlingDemo", "FileHandlingDemo\FileHandlingDemo.csproj", "{C70BB810-E52F-4F43-B812-4349319FD0FD}"
EndProject
Global
	GlobalSection(SolutionConfigurationPlatforms) = preSolution
		Debug|Any CPU = Debug|Any CPU
		Release|Any CPU = Release|Any CPU
	EndGlobalSection
	GlobalSection(ProjectConfigurationPlatforms) = postSolution
		{C70BB810-E52F-4F43-B812-4349319FD0FD}.Debug|Any CPU.ActiveCfg = Debug|Any CPU
		{C70BB810-E52F-4F43-B812-4349319FD0FD}.Debug|Any CPU.Build.0 = Debug|Any CPU
		{C70BB810-E52F-4F43-B812-4349319FD0FD}.Release|Any CPU.ActiveCfg = Release|Any CPU
		{C70BB810-E52F-4F43-B812-4349319FD0FD}.Release|Any CPU.Build.0 = Release|Any CPU
	EndGlobalSection
	GlobalSection(SolutionProperties) = preSolution
		HideSolutionNode = FALSE
	EndGlobalSection
	GlobalSection(ExtensibilityGlobals) = postSolution
		SolutionGuid = {2AFD21F7-6982-4D5E-9561-A725759FF8E7}
	EndGlobalSection
EndGlobal
